
Microsoft Visual Studio Solution File, Format Version 12.00
# Visual Studio Version 17
VisualStudioVersion = 17.8.34302.71
MinimumVisualStudioVersion = 10.0.40219.1
Project("{9A19103F-16F7-4668-BE54-9A1E7A4F7556}") = "Challenge-Prosegur.API", "Challenge-Prosegur\Challenge-Prosegur.API.csproj", "{5EBAA55F-9878-4D12-9A22-BDF58B3ECECF}"
EndProject
Project("{9A19103F-16F7-4668-BE54-9A1E7A4F7556}") = "Challenge.Test", "ChallengeTest\Challenge.Test.csproj", "{8BA998A2-5EB7-4B1A-9A7C-FB61B2342E5D}"
EndProject
Project("{54A90642-561A-4BB1-A94E-469ADEE60C69}") = "Challenge-Prosegur.APP", "Challenge-Prosegur.APP\Challenge-Prosegur.APP.esproj", "{F361C380-E473-4B41-915A-709E4CD08811}"
EndProject
Global
	GlobalSection(SolutionConfigurationPlatforms) = preSolution
		Debug|Any CPU = Debug|Any CPU
		Release|Any CPU = Release|Any CPU
	EndGlobalSection
	GlobalSection(ProjectConfigurationPlatforms) = postSolution
		{5EBAA55F-9878-4D12-9A22-BDF58B3ECECF}.Debug|Any CPU.ActiveCfg = Debug|Any CPU
		{5EBAA55F-9878-4D12-9A22-BDF58B3ECECF}.Debug|Any CPU.Build.0 = Debug|Any CPU
		{5EBAA55F-9878-4D12-9A22-BDF58B3ECECF}.Release|Any CPU.ActiveCfg = Release|Any CPU
		{5EBAA55F-9878-4D12-9A22-BDF58B3ECECF}.Release|Any CPU.Build.0 = Release|Any CPU
		{8BA998A2-5EB7-4B1A-9A7C-FB61B2342E5D}.Debug|Any CPU.ActiveCfg = Debug|Any CPU
		{8BA998A2-5EB7-4B1A-9A7C-FB61B2342E5D}.Debug|Any CPU.Build.0 = Debug|Any CPU
		{8BA998A2-5EB7-4B1A-9A7C-FB61B2342E5D}.Release|Any CPU.ActiveCfg = Release|Any CPU
		{8BA998A2-5EB7-4B1A-9A7C-FB61B2342E5D}.Release|Any CPU.Build.0 = Release|Any CPU
		{F361C380-E473-4B41-915A-709E4CD08811}.Debug|Any CPU.ActiveCfg = Debug|Any CPU
		{F361C380-E473-4B41-915A-709E4CD08811}.Debug|Any CPU.Build.0 = Debug|Any CPU
		{F361C380-E473-4B41-915A-709E4CD08811}.Debug|Any CPU.Deploy.0 = Debug|Any CPU
		{F361C380-E473-4B41-915A-709E4CD08811}.Release|Any CPU.ActiveCfg = Release|Any CPU
		{F361C380-E473-4B41-915A-709E4CD08811}.Release|Any CPU.Build.0 = Release|Any CPU
		{F361C380-E473-4B41-915A-709E4CD08811}.Release|Any CPU.Deploy.0 = Release|Any CPU
	EndGlobalSection
	GlobalSection(SolutionProperties) = preSolution
		HideSolutionNode = FALSE
	EndGlobalSection
	GlobalSection(ExtensibilityGlobals) = postSolution
		SolutionGuid = {379E4806-4476-4A38-93FA-D01454290030}
	EndGlobalSection
EndGlobal
